
Microsoft Visual Studio Solution File, Format Version 12.00
# Visual Studio Version 16
VisualStudioVersion = 16.0.29926.136
MinimumVisualStudioVersion = 10.0.40219.1
Project("{9A19103F-16F7-4668-BE54-9A1E7A4F7556}") = "clientTester", "clientTester\clientTester.csproj", "{098149FB-E31F-4CD3-B8D6-E4CC8F8EFBB5}"
EndProject
Project("{2150E333-8FDC-42A3-9474-1A3956D46DE8}") = "Documentation", "Documentation", "{BB89EE30-038D-4F75-A351-2C8C8B53AA0F}"
EndProject
Project("{9A19103F-16F7-4668-BE54-9A1E7A4F7556}") = "TibberClient", "TibberClient\TibberClient.csproj", "{1F26FAA2-4E76-4209-BDBA-351C6EF34B25}"
EndProject
Project("{9A19103F-16F7-4668-BE54-9A1E7A4F7556}") = "Data", "Data\Data.csproj", "{C8FCF30B-6CC0-49A5-A47E-EBB5890428FC}"
EndProject
Project("{FAE04EC0-301F-11D3-BF4B-00C04F79EFBC}") = "SQLite", "SQLite\SQLite.csproj", "{212174BC-28C1-405D-B81C-F5D251C8E925}"
EndProject
Global
	GlobalSection(SolutionConfigurationPlatforms) = preSolution
		Debug|Any CPU = Debug|Any CPU
		Release|Any CPU = Release|Any CPU
	EndGlobalSection
	GlobalSection(ProjectConfigurationPlatforms) = postSolution
		{098149FB-E31F-4CD3-B8D6-E4CC8F8EFBB5}.Debug|Any CPU.ActiveCfg = Debug|Any CPU
		{098149FB-E31F-4CD3-B8D6-E4CC8F8EFBB5}.Debug|Any CPU.Build.0 = Debug|Any CPU
		{098149FB-E31F-4CD3-B8D6-E4CC8F8EFBB5}.Release|Any CPU.ActiveCfg = Release|Any CPU
		{098149FB-E31F-4CD3-B8D6-E4CC8F8EFBB5}.Release|Any CPU.Build.0 = Release|Any CPU
		{1F26FAA2-4E76-4209-BDBA-351C6EF34B25}.Debug|Any CPU.ActiveCfg = Debug|Any CPU
		{1F26FAA2-4E76-4209-BDBA-351C6EF34B25}.Debug|Any CPU.Build.0 = Debug|Any CPU
		{1F26FAA2-4E76-4209-BDBA-351C6EF34B25}.Release|Any CPU.ActiveCfg = Release|Any CPU
		{1F26FAA2-4E76-4209-BDBA-351C6EF34B25}.Release|Any CPU.Build.0 = Release|Any CPU
		{C8FCF30B-6CC0-49A5-A47E-EBB5890428FC}.Debug|Any CPU.ActiveCfg = Debug|Any CPU
		{C8FCF30B-6CC0-49A5-A47E-EBB5890428FC}.Debug|Any CPU.Build.0 = Debug|Any CPU
		{C8FCF30B-6CC0-49A5-A47E-EBB5890428FC}.Release|Any CPU.ActiveCfg = Release|Any CPU
		{C8FCF30B-6CC0-49A5-A47E-EBB5890428FC}.Release|Any CPU.Build.0 = Release|Any CPU
		{212174BC-28C1-405D-B81C-F5D251C8E925}.Debug|Any CPU.ActiveCfg = Debug|Any CPU
		{212174BC-28C1-405D-B81C-F5D251C8E925}.Debug|Any CPU.Build.0 = Debug|Any CPU
		{212174BC-28C1-405D-B81C-F5D251C8E925}.Release|Any CPU.ActiveCfg = Release|Any CPU
		{212174BC-28C1-405D-B81C-F5D251C8E925}.Release|Any CPU.Build.0 = Release|Any CPU
	EndGlobalSection
	GlobalSection(SolutionProperties) = preSolution
		HideSolutionNode = FALSE
	EndGlobalSection
	GlobalSection(ExtensibilityGlobals) = postSolution
		SolutionGuid = {ACFCF601-2144-4660-8E55-5263C3B5B1E7}
	EndGlobalSection
EndGlobal
